
Microsoft Visual Studio Solution File, Format Version 12.00
# Visual Studio 14
VisualStudioVersion = 14.0.24720.0
MinimumVisualStudioVersion = 10.0.40219.1
Project("{FAE04EC0-301F-11D3-BF4B-00C04F79EFBC}") = "DirectedGraph", "DirectedGraph\DirectedGraph.csproj", "{BB8C9DFF-9D7D-4ADB-80EF-D866A7535485}"
EndProject
Global
	GlobalSection(SolutionConfigurationPlatforms) = preSolution
		Debug|Any CPU = Debug|Any CPU
		Release|Any CPU = Release|Any CPU
	EndGlobalSection
	GlobalSection(ProjectConfigurationPlatforms) = postSolution
		{BB8C9DFF-9D7D-4ADB-80EF-D866A7535485}.Debug|Any CPU.ActiveCfg = Debug|Any CPU
		{BB8C9DFF-9D7D-4ADB-80EF-D866A7535485}.Debug|Any CPU.Build.0 = Debug|Any CPU
		{BB8C9DFF-9D7D-4ADB-80EF-D866A7535485}.Release|Any CPU.ActiveCfg = Release|Any CPU
		{BB8C9DFF-9D7D-4ADB-80EF-D866A7535485}.Release|Any CPU.Build.0 = Release|Any CPU
	EndGlobalSection
	GlobalSection(SolutionProperties) = preSolution
		HideSolutionNode = FALSE
	EndGlobalSection
EndGlobal
